// !$*UTF8*$!
{
	archiveVersion = 1;
	classes = {
	};
	objectVersion = 50;
	objects = {

/* Begin PBXBuildFile section */
		968C8194214F2CDC0037C990 /* AppDelegate.m in Sources */ = {isa = PBXBuildFile; fileRef = 968C8193214F2CDC0037C990 /* AppDelegate.m */; };
		968C8197214F2CDC0037C990 /* ViewController.m in Sources */ = {isa = PBXBuildFile; fileRef = 968C8196214F2CDC0037C990 /* ViewController.m */; };
		968C819A214F2CDC0037C990 /* Main.storyboard in Resources */ = {isa = PBXBuildFile; fileRef = 968C8198214F2CDC0037C990 /* Main.storyboard */; };
		968C819D214F2CDC0037C990 /* iOS_coding_challenge.xcdatamodeld in Sources */ = {isa = PBXBuildFile; fileRef = 968C819B214F2CDC0037C990 /* iOS_coding_challenge.xcdatamodeld */; };
		968C819F214F2CDD0037C990 /* Assets.xcassets in Resources */ = {isa = PBXBuildFile; fileRef = 968C819E214F2CDD0037C990 /* Assets.xcassets */; };
		968C81A2214F2CDD0037C990 /* LaunchScreen.storyboard in Resources */ = {isa = PBXBuildFile; fileRef = 968C81A0214F2CDD0037C990 /* LaunchScreen.storyboard */; };
		968C81A5214F2CDD0037C990 /* main.m in Sources */ = {isa = PBXBuildFile; fileRef = 968C81A4214F2CDD0037C990 /* main.m */; };
/* End PBXBuildFile section */

/* Begin PBXFileReference section */
		968C818F214F2CDC0037C990 /* iOS coding challenge.app */ = {isa = PBXFileReference; explicitFileType = wrapper.application; includeInIndex = 0; path = "iOS coding challenge.app"; sourceTree = BUILT_PRODUCTS_DIR; };
		968C8192214F2CDC0037C990 /* AppDelegate.h */ = {isa = PBXFileReference; lastKnownFileType = sourcecode.c.h; path = AppDelegate.h; sourceTree = "<group>"; };
		968C8193214F2CDC0037C990 /* AppDelegate.m */ = {isa = PBXFileReference; lastKnownFileType = sourcecode.c.objc; path = AppDelegate.m; sourceTree = "<group>"; };
		968C8195214F2CDC0037C990 /* ViewController.h */ = {isa = PBXFileReference; lastKnownFileType = sourcecode.c.h; path = ViewController.h; sourceTree = "<group>"; };
		968C8196214F2CDC0037C990 /* ViewController.m */ = {isa = PBXFileReference; lastKnownFileType = sourcecode.c.objc; path = ViewController.m; sourceTree = "<group>"; };
		968C8199214F2CDC0037C990 /* Base */ = {isa = PBXFileReference; lastKnownFileType = file.storyboard; name = Base; path = Base.lproj/Main.storyboard; sourceTree = "<group>"; };
		968C819C214F2CDC0037C990 /* iOS_coding_challenge.xcdatamodel */ = {isa = PBXFileReference; lastKnownFileType = wrapper.xcdatamodel; path = iOS_coding_challenge.xcdatamodel; sourceTree = "<group>"; };
		968C819E214F2CDD0037C990 /* Assets.xcassets */ = {isa = PBXFileReference; lastKnownFileType = folder.assetcatalog; path = Assets.xcassets; sourceTree = "<group>"; };
		968C81A1214F2CDD0037C990 /* Base */ = {isa = PBXFileReference; lastKnownFileType = file.storyboard; name = Base; path = Base.lproj/LaunchScreen.storyboard; sourceTree = "<group>"; };
		968C81A3214F2CDD0037C990 /* Info.plist */ = {isa = PBXFileReference; lastKnownFileType = text.plist.xml; path = Info.plist; sourceTree = "<group>"; };
		968C81A4214F2CDD0037C990 /* main.m */ = {isa = PBXFileReference; lastKnownFileType = sourcecode.c.objc; path = main.m; sourceTree = "<group>"; };
/* End PBXFileReference section */

/* Begin PBXFrameworksBuildPhase section */
		968C818C214F2CDC0037C990 /* Frameworks */ = {
			isa = PBXFrameworksBuildPhase;
			buildActionMask = 2147483647;
			files = (
			);
			runOnlyForDeploymentPostprocessing = 0;
		};
/* End PBXFrameworksBuildPhase section */

/* Begin PBXGroup section */
		968C8186214F2CDC0037C990 = {
			isa = PBXGroup;
			children = (
				968C8191214F2CDC0037C990 /* iOS coding challenge */,
				968C8190214F2CDC0037C990 /* Products */,
			);
			sourceTree = "<group>";
		};
		968C8190214F2CDC0037C990 /* Products */ = {
			isa = PBXGroup;
			children = (
				968C818F214F2CDC0037C990 /* iOS coding challenge.app */,
			);
			name = Products;
			sourceTree = "<group>";
		};
		968C8191214F2CDC0037C990 /* iOS coding challenge */ = {
			isa = PBXGroup;
			children = (
				968C8192214F2CDC0037C990 /* AppDelegate.h */,
				968C8193214F2CDC0037C990 /* AppDelegate.m */,
				968C8195214F2CDC0037C990 /* ViewController.h */,
				968C8196214F2CDC0037C990 /* ViewController.m */,
				968C8198214F2CDC0037C990 /* Main.storyboard */,
				968C819E214F2CDD0037C990 /* Assets.xcassets */,
				968C81A0214F2CDD0037C990 /* LaunchScreen.storyboard */,
				968C81A3214F2CDD0037C990 /* Info.plist */,
				968C81A4214F2CDD0037C990 /* main.m */,
				968C819B214F2CDC0037C990 /* iOS_coding_challenge.xcdatamodeld */,
			);
			path = "iOS coding challenge";
			sourceTree = "<group>";
		};
/* End PBXGroup section */

/* Begin PBXNativeTarget section */
		968C818E214F2CDC0037C990 /* iOS coding challenge */ = {
			isa = PBXNativeTarget;
			buildConfigurationList = 968C81BE214F2CDE0037C990 /* Build configuration list for PBXNativeTarget "iOS coding challenge" */;
			buildPhases = (
				968C818B214F2CDC0037C990 /* Sources */,
				968C818C214F2CDC0037C990 /* Frameworks */,
				968C818D214F2CDC0037C990 /* Resources */,
			);
			buildRules = (
			);
			dependencies = (
			);
			name = "iOS coding challenge";
			productName = "iOS coding challenge";
			productReference = 968C818F214F2CDC0037C990 /* iOS coding challenge.app */;
			productType = "com.apple.product-type.application";
		};
/* End PBXNativeTarget section */

/* Begin PBXProject section */
		968C8187214F2CDC0037C990 /* Project object */ = {
			isa = PBXProject;
			attributes = {
				LastUpgradeCheck = 0940;
				ORGANIZATIONNAME = "Jason Yue";
				TargetAttributes = {
					968C818E214F2CDC0037C990 = {
						CreatedOnToolsVersion = 9.4.1;
					};
				};
			};
			buildConfigurationList = 968C818A214F2CDC0037C990 /* Build configuration list for PBXProject "iOS coding challenge" */;
			compatibilityVersion = "Xcode 9.3";
			developmentRegion = en;
			hasScannedForEncodings = 0;
			knownRegions = (
				en,
				Base,
			);
			mainGroup = 968C8186214F2CDC0037C990;
			productRefGroup = 968C8190214F2CDC0037C990 /* Products */;
			projectDirPath = "";
			projectRoot = "";
			targets = (
				968C818E214F2CDC0037C990 /* iOS coding challenge */,
			);
		};
/* End PBXProject section */

/* Begin PBXResourcesBuildPhase section */
		968C818D214F2CDC0037C990 /* Resources */ = {
			isa = PBXResourcesBuildPhase;
			buildActionMask = 2147483647;
			files = (
				968C81A2214F2CDD0037C990 /* LaunchScreen.storyboard in Resources */,
				968C819F214F2CDD0037C990 /* Assets.xcassets in Resources */,
				968C819A214F2CDC0037C990 /* Main.storyboard in Resources */,
			);
			runOnlyForDeploymentPostprocessing = 0;
		};
/* End PBXResourcesBuildPhase section */

/* Begin PBXSourcesBuildPhase section */
		968C818B214F2CDC0037C990 /* Sources */ = {
			isa = PBXSourcesBuildPhase;
			buildActionMask = 2147483647;
			files = (
				968C8197214F2CDC0037C990 /* ViewController.m in Sources */,
				968C8194214F2CDC0037C990 /* AppDelegate.m in Sources */,
				968C81A5214F2CDD0037C990 /* main.m in Sources */,
				968C819D214F2CDC0037C990 /* iOS_coding_challenge.xcdatamodeld in Sources */,
			);
			runOnlyForDeploymentPostprocessing = 0;
		};
/* End PBXSourcesBuildPhase section */

/* Begin PBXVariantGroup section */
		968C8198214F2CDC0037C990 /* Main.storyboard */ = {
			isa = PBXVariantGroup;
			children = (
				968C8199214F2CDC0037C990 /* Base */,
			);
			name = Main.storyboard;
			sourceTree = "<group>";
		};
		968C81A0214F2CDD0037C990 /* LaunchScreen.storyboard */ = {
			isa = PBXVariantGroup;
			children = (
				968C81A1214F2CDD0037C990 /* Base */,
			);
			name = LaunchScreen.storyboard;
			sourceTree = "<group>";
		};
/* End PBXVariantGroup section */

/* Begin XCBuildConfiguration section */
		968C81BC214F2CDD0037C990 /* Debug */ = {
			isa = XCBuildConfiguration;
			buildSettings = {
				ALWAYS_SEARCH_USER_PATHS = NO;
				CLANG_ANALYZER_NONNULL = YES;
				CLANG_ANALYZER_NUMBER_OBJECT_CONVERSION = YES_AGGRESSIVE;
				CLANG_CXX_LANGUAGE_STANDARD = "gnu++14";
				CLANG_CXX_LIBRARY = "libc++";
				CLANG_ENABLE_MODULES = YES;
				CLANG_ENABLE_OBJC_ARC = YES;
				CLANG_ENABLE_OBJC_WEAK = YES;
				CLANG_WARN_BLOCK_CAPTURE_AUTORELEASING = YES;
				CLANG_WARN_BOOL_CONVERSION = YES;
				CLANG_WARN_COMMA = YES;
				CLANG_WARN_CONSTANT_CONVERSION = YES;
				CLANG_WARN_DEPRECATED_OBJC_IMPLEMENTATIONS = YES;
				CLANG_WARN_DIRECT_OBJC_ISA_USAGE = YES_ERROR;
				CLANG_WARN_DOCUMENTATION_COMMENTS = YES;
				CLANG_WARN_EMPTY_BODY = YES;
				CLANG_WARN_ENUM_CONVERSION = YES;
				CLANG_WARN_INFINITE_RECURSION = YES;
				CLANG_WARN_INT_CONVERSION = YES;
				CLANG_WARN_NON_LITERAL_NULL_CONVERSION = YES;
				CLANG_WARN_OBJC_IMPLICIT_RETAIN_SELF = YES;
				CLANG_WARN_OBJC_LITERAL_CONVERSION = YES;
				CLANG_WARN_OBJC_ROOT_CLASS = YES_ERROR;
				CLANG_WARN_RANGE_LOOP_ANALYSIS = YES;
				CLANG_WARN_STRICT_PROTOTYPES = YES;
				CLANG_WARN_SUSPICIOUS_MOVE = YES;
				CLANG_WARN_UNGUARDED_AVAILABILITY = YES_AGGRESSIVE;
				CLANG_WARN_UNREACHABLE_CODE = YES;
				CLANG_WARN__DUPLICATE_METHOD_MATCH = YES;
				CODE_SIGN_IDENTITY = "iPhone Developer";
				COPY_PHASE_STRIP = NO;
				DEBUG_INFORMATION_FORMAT = dwarf;
				ENABLE_STRICT_OBJC_MSGSEND = YES;
				ENABLE_TESTABILITY = YES;
				GCC_C_LANGUAGE_STANDARD = gnu11;
				GCC_DYNAMIC_NO_PIC = NO;
				GCC_NO_COMMON_BLOCKS = YES;
				GCC_OPTIMIZATION_LEVEL = 0;
				GCC_PREPROCESSOR_DEFINITIONS = (
					"DEBUG=1",
					"$(inherited)",
				);
				GCC_WARN_64_TO_32_BIT_CONVERSION = YES;
				GCC_WARN_ABOUT_RETURN_TYPE = YES_ERROR;
				GCC_WARN_UNDECLARED_SELECTOR = YES;
				GCC_WARN_UNINITIALIZED_AUTOS = YES_AGGRESSIVE;
				GCC_WARN_UNUSED_FUNCTION = YES;
				GCC_WARN_UNUSED_VARIABLE = YES;
				IPHONEOS_DEPLOYMENT_TARGET = 11.4;
				MTL_ENABLE_DEBUG_INFO = YES;
				ONLY_ACTIVE_ARCH = YES;
				SDKROOT = iphoneos;
			};
			name = Debug;
		};
		968C81BD214F2CDD0037C990 /* Release */ = {
			isa = XCBuildConfiguration;
			buildSettings = {
				ALWAYS_SEARCH_USER_PATHS = NO;
				CLANG_ANALYZER_NONNULL = YES;
				CLANG_ANALYZER_NUMBER_OBJECT_CONVERSION = YES_AGGRESSIVE;
				CLANG_CXX_LANGUAGE_STANDARD = "gnu++14";
				CLANG_CXX_LIBRARY = "libc++";
				CLANG_ENABLE_MODULES = YES;
				CLANG_ENABLE_OBJC_ARC = YES;
				CLANG_ENABLE_OBJC_WEAK = YES;
				CLANG_WARN_BLOCK_CAPTURE_AUTORELEASING = YES;
				CLANG_WARN_BOOL_CONVERSION = YES;
				CLANG_WARN_COMMA = YES;
				CLANG_WARN_CONSTANT_CONVERSION = YES;
				CLANG_WARN_DEPRECATED_OBJC_IMPLEMENTATIONS = YES;
				CLANG_WARN_DIRECT_OBJC_ISA_USAGE = YES_ERROR;
				CLANG_WARN_DOCUMENTATION_COMMENTS = YES;
				CLANG_WARN_EMPTY_BODY = YES;
				CLANG_WARN_ENUM_CONVERSION = YES;
				CLANG_WARN_INFINITE_RECURSION = YES;
				CLANG_WARN_INT_CONVERSION = YES;
				CLANG_WARN_NON_LITERAL_NULL_CONVERSION = YES;
				CLANG_WARN_OBJC_IMPLICIT_RETAIN_SELF = YES;
				CLANG_WARN_OBJC_LITERAL_CONVERSION = YES;
				CLANG_WARN_OBJC_ROOT_CLASS = YES_ERROR;
				CLANG_WARN_RANGE_LOOP_ANALYSIS = YES;
				CLANG_WARN_STRICT_PROTOTYPES = YES;
				CLANG_WARN_SUSPICIOUS_MOVE = YES;
				CLANG_WARN_UNGUARDED_AVAILABILITY = YES_AGGRESSIVE;
				CLANG_WARN_UNREACHABLE_CODE = YES;
				CLANG_WARN__DUPLICATE_METHOD_MATCH = YES;
				CODE_SIGN_IDENTITY = "iPhone Developer";
				COPY_PHASE_STRIP = NO;
				DEBUG_INFORMATION_FORMAT = "dwarf-with-dsym";
				ENABLE_NS_ASSERTIONS = NO;
				ENABLE_STRICT_OBJC_MSGSEND = YES;
				GCC_C_LANGUAGE_STANDARD = gnu11;
				GCC_NO_COMMON_BLOCKS = YES;
				GCC_WARN_64_TO_32_BIT_CONVERSION = YES;
				GCC_WARN_ABOUT_RETURN_TYPE = YES_ERROR;
				GCC_WARN_UNDECLARED_SELECTOR = YES;
				GCC_WARN_UNINITIALIZED_AUTOS = YES_AGGRESSIVE;
				GCC_WARN_UNUSED_FUNCTION = YES;
				GCC_WARN_UNUSED_VARIABLE = YES;
				IPHONEOS_DEPLOYMENT_TARGET = 11.4;
				MTL_ENABLE_DEBUG_INFO = NO;
				SDKROOT = iphoneos;
				VALIDATE_PRODUCT = YES;
			};
			name = Release;
		};
		968C81BF214F2CDE0037C990 /* Debug */ = {
			isa = XCBuildConfiguration;
			buildSettings = {
				ASSETCATALOG_COMPILER_APPICON_NAME = AppIcon;
				CODE_SIGN_STYLE = Automatic;
				DEVELOPMENT_TEAM = 5AYQDARGJU;
				INFOPLIST_FILE = "iOS coding challenge/Info.plist";
				IPHONEOS_DEPLOYMENT_TARGET = 11.4;
				LD_RUNPATH_SEARCH_PATHS = (
					"$(inherited)",
					"@executable_path/Frameworks",
				);
				PRODUCT_BUNDLE_IDENTIFIER = "jasonyue.iOS-coding-challenge";
				PRODUCT_NAME = "$(TARGET_NAME)";
				TARGETED_DEVICE_FAMILY = "1,2";
			};
			name = Debug;
		};
		968C81C0214F2CDE0037C990 /* Release */ = {
			isa = XCBuildConfiguration;
			buildSettings = {
				ASSETCATALOG_COMPILER_APPICON_NAME = AppIcon;
				CODE_SIGN_STYLE = Automatic;
				DEVELOPMENT_TEAM = 5AYQDARGJU;
				INFOPLIST_FILE = "iOS coding challenge/Info.plist";
				IPHONEOS_DEPLOYMENT_TARGET = 11.4;
				LD_RUNPATH_SEARCH_PATHS = (
					"$(inherited)",
					"@executable_path/Frameworks",
				);
				PRODUCT_BUNDLE_IDENTIFIER = "jasonyue.iOS-coding-challenge";
				PRODUCT_NAME = "$(TARGET_NAME)";
				TARGETED_DEVICE_FAMILY = "1,2";
			};
			name = Release;
		};
/* End XCBuildConfiguration section */

/* Begin XCConfigurationList section */
		968C818A214F2CDC0037C990 /* Build configuration list for PBXProject "iOS coding challenge" */ = {
			isa = XCConfigurationList;
			buildConfigurations = (
				968C81BC214F2CDD0037C990 /* Debug */,
				968C81BD214F2CDD0037C990 /* Release */,
			);
			defaultConfigurationIsVisible = 0;
			defaultConfigurationName = Release;
		};
		968C81BE214F2CDE0037C990 /* Build configuration list for PBXNativeTarget "iOS coding challenge" */ = {
			isa = XCConfigurationList;
			buildConfigurations = (
				968C81BF214F2CDE0037C990 /* Debug */,
				968C81C0214F2CDE0037C990 /* Release */,
			);
			defaultConfigurationIsVisible = 0;
			defaultConfigurationName = Release;
		};
/* End XCConfigurationList section */

/* Begin XCVersionGroup section */
		968C819B214F2CDC0037C990 /* iOS_coding_challenge.xcdatamodeld */ = {
			isa = XCVersionGroup;
			children = (
				968C819C214F2CDC0037C990 /* iOS_coding_challenge.xcdatamodel */,
			);
			currentVersion = 968C819C214F2CDC0037C990 /* iOS_coding_challenge.xcdatamodel */;
			path = iOS_coding_challenge.xcdatamodeld;
			sourceTree = "<group>";
			versionGroupType = wrapper.xcdatamodel;
		};
/* End XCVersionGroup section */
	};
	rootObject = 968C8187214F2CDC0037C990 /* Project object */;
}
